
Microsoft Visual Studio Solution File, Format Version 12.00
# Visual Studio Version 17
VisualStudioVersion = 17.7.34031.279
MinimumVisualStudioVersion = 10.0.40219.1
Project("{FAE04EC0-301F-11D3-BF4B-00C04F79EFBC}") = "QuizGameGUI", "QuizGameGUI\QuizGameGUI.csproj", "{79DFF299-E9CC-4D3C-821E-0FB5FF1611DF}"
EndProject
Global
	GlobalSection(SolutionConfigurationPlatforms) = preSolution
		Debug|Any CPU = Debug|Any CPU
		Release|Any CPU = Release|Any CPU
	EndGlobalSection
	GlobalSection(ProjectConfigurationPlatforms) = postSolution
		{79DFF299-E9CC-4D3C-821E-0FB5FF1611DF}.Debug|Any CPU.ActiveCfg = Debug|Any CPU
		{79DFF299-E9CC-4D3C-821E-0FB5FF1611DF}.Debug|Any CPU.Build.0 = Debug|Any CPU
		{79DFF299-E9CC-4D3C-821E-0FB5FF1611DF}.Release|Any CPU.ActiveCfg = Release|Any CPU
		{79DFF299-E9CC-4D3C-821E-0FB5FF1611DF}.Release|Any CPU.Build.0 = Release|Any CPU
	EndGlobalSection
	GlobalSection(SolutionProperties) = preSolution
		HideSolutionNode = FALSE
	EndGlobalSection
	GlobalSection(ExtensibilityGlobals) = postSolution
		SolutionGuid = {C0BA5059-C936-41A5-8A99-5A0FE78968C8}
	EndGlobalSection
EndGlobal
